// !$*UTF8*$!
{
	archiveVersion = 1;
	classes = {
	};
	objectVersion = 77;
	objects = {

/* Begin PBXContainerItemProxy section */
		1A0D53B02EA675DA00EB5882 /* PBXContainerItemProxy */ = {
			isa = PBXContainerItemProxy;
			containerPortal = 1A0D53972EA675D700EB5882 /* Project object */;
			proxyType = 1;
			remoteGlobalIDString = 1A0D539E2EA675D700EB5882;
			remoteInfo = mtdata;
		};
		1A0D53BA2EA675DA00EB5882 /* PBXContainerItemProxy */ = {
			isa = PBXContainerItemProxy;
			containerPortal = 1A0D53972EA675D700EB5882 /* Project object */;
			proxyType = 1;
			remoteGlobalIDString = 1A0D539E2EA675D700EB5882;
			remoteInfo = mtdata;
		};
/* End PBXContainerItemProxy section */

/* Begin PBXFileReference section */
		1A0D539F2EA675D800EB5882 /* mtdata.app */ = {isa = PBXFileReference; explicitFileType = wrapper.application; includeInIndex = 0; path = mtdata.app; sourceTree = BUILT_PRODUCTS_DIR; };
		1A0D53AF2EA675DA00EB5882 /* mtdataTests.xctest */ = {isa = PBXFileReference; explicitFileType = wrapper.cfbundle; includeInIndex = 0; path = mtdataTests.xctest; sourceTree = BUILT_PRODUCTS_DIR; };
		1A0D53B92EA675DA00EB5882 /* mtdataUITests.xctest */ = {isa = PBXFileReference; explicitFileType = wrapper.cfbundle; includeInIndex = 0; path = mtdataUITests.xctest; sourceTree = BUILT_PRODUCTS_DIR; };
/* End PBXFileReference section */

/* Begin PBXFileSystemSynchronizedBuildFileExceptionSet section */
		1A0D53C12EA675DA00EB5882 /* Exceptions for "mtdata" folder in "mtdata" target */ = {
			isa = PBXFileSystemSynchronizedBuildFileExceptionSet;
			membershipExceptions = (
				Info.plist,
			);
			target = 1A0D539E2EA675D700EB5882 /* mtdata */;
		};
/* End PBXFileSystemSynchronizedBuildFileExceptionSet section */

/* Begin PBXFileSystemSynchronizedRootGroup section */
		1A0D53A12EA675D800EB5882 /* mtdata */ = {
			isa = PBXFileSystemSynchronizedRootGroup;
			exceptions = (
				1A0D53C12EA675DA00EB5882 /* Exceptions for "mtdata" folder in "mtdata" target */,
			);
			path = mtdata;
			sourceTree = "<group>";
		};
		1A0D53B22EA675DA00EB5882 /* mtdataTests */ = {
			isa = PBXFileSystemSynchronizedRootGroup;
			path = mtdataTests;
			sourceTree = "<group>";
		};
		1A0D53BC2EA675DA00EB5882 /* mtdataUITests */ = {
			isa = PBXFileSystemSynchronizedRootGroup;
			path = mtdataUITests;
			sourceTree = "<group>";
		};
/* End PBXFileSystemSynchronizedRootGroup section */

/* Begin PBXFrameworksBuildPhase section */
		1A0D539C2EA675D700EB5882 /* Frameworks */ = {
			isa = PBXFrameworksBuildPhase;
			buildActionMask = 2147483647;
			files = (
			);
			runOnlyForDeploymentPostprocessing = 0;
		};
		1A0D53AC2EA675DA00EB5882 /* Frameworks */ = {
			isa = PBXFrameworksBuildPhase;
			buildActionMask = 2147483647;
			files = (
			);
			runOnlyForDeploymentPostprocessing = 0;
		};
		1A0D53B62EA675DA00EB5882 /* Frameworks */ = {
			isa = PBXFrameworksBuildPhase;
			buildActionMask = 2147483647;
			files = (
			);
			runOnlyForDeploymentPostprocessing = 0;
		};
/* End PBXFrameworksBuildPhase section */

/* Begin PBXGroup section */
		1A0D53962EA675D700EB5882 = {
			isa = PBXGroup;
			children = (
				1A0D53A12EA675D800EB5882 /* mtdata */,
				1A0D53B22EA675DA00EB5882 /* mtdataTests */,
				1A0D53BC2EA675DA00EB5882 /* mtdataUITests */,
				1A0D53A02EA675D800EB5882 /* Products */,
			);
			sourceTree = "<group>";
		};
		1A0D53A02EA675D800EB5882 /* Products */ = {
			isa = PBXGroup;
			children = (
				1A0D539F2EA675D800EB5882 /* mtdata.app */,
				1A0D53AF2EA675DA00EB5882 /* mtdataTests.xctest */,
				1A0D53B92EA675DA00EB5882 /* mtdataUITests.xctest */,
			);
			name = Products;
			sourceTree = "<group>";
		};
/* End PBXGroup section */

/* Begin PBXNativeTarget section */
		1A0D539E2EA675D700EB5882 /* mtdata */ = {
			isa = PBXNativeTarget;
			buildConfigurationList = 1A0D53C22EA675DA00EB5882 /* Build configuration list for PBXNativeTarget "mtdata" */;
			buildPhases = (
				1A0D539B2EA675D700EB5882 /* Sources */,
				1A0D539C2EA675D700EB5882 /* Frameworks */,
				1A0D539D2EA675D700EB5882 /* Resources */,
			);
			buildRules = (
			);
			dependencies = (
			);
			fileSystemSynchronizedGroups = (
				1A0D53A12EA675D800EB5882 /* mtdata */,
			);
			name = mtdata;
			packageProductDependencies = (
			);
			productName = mtdata;
			productReference = 1A0D539F2EA675D800EB5882 /* mtdata.app */;
			productType = "com.apple.product-type.application";
		};
		1A0D53AE2EA675DA00EB5882 /* mtdataTests */ = {
			isa = PBXNativeTarget;
			buildConfigurationList = 1A0D53C72EA675DA00EB5882 /* Build configuration list for PBXNativeTarget "mtdataTests" */;
			buildPhases = (
				1A0D53AB2EA675DA00EB5882 /* Sources */,
				1A0D53AC2EA675DA00EB5882 /* Frameworks */,
				1A0D53AD2EA675DA00EB5882 /* Resources */,
			);
			buildRules = (
			);
			dependencies = (
				1A0D53B12EA675DA00EB5882 /* PBXTargetDependency */,
			);
			fileSystemSynchronizedGroups = (
				1A0D53B22EA675DA00EB5882 /* mtdataTests */,
			);
			name = mtdataTests;
			packageProductDependencies = (
			);
			productName = mtdataTests;
			productReference = 1A0D53AF2EA675DA00EB5882 /* mtdataTests.xctest */;
			productType = "com.apple.product-type.bundle.unit-test";
		};
		1A0D53B82EA675DA00EB5882 /* mtdataUITests */ = {
			isa = PBXNativeTarget;
			buildConfigurationList = 1A0D53CA2EA675DA00EB5882 /* Build configuration list for PBXNativeTarget "mtdataUITests" */;
			buildPhases = (
				1A0D53B52EA675DA00EB5882 /* Sources */,
				1A0D53B62EA675DA00EB5882 /* Frameworks */,
				1A0D53B72EA675DA00EB5882 /* Resources */,
			);
			buildRules = (
			);
			dependencies = (
				1A0D53BB2EA675DA00EB5882 /* PBXTargetDependency */,
			);
			fileSystemSynchronizedGroups = (
				1A0D53BC2EA675DA00EB5882 /* mtdataUITests */,
			);
			name = mtdataUITests;
			packageProductDependencies = (
			);
			productName = mtdataUITests;
			productReference = 1A0D53B92EA675DA00EB5882 /* mtdataUITests.xctest */;
			productType = "com.apple.product-type.bundle.ui-testing";
		};
/* End PBXNativeTarget section */

/* Begin PBXProject section */
		1A0D53972EA675D700EB5882 /* Project object */ = {
			isa = PBXProject;
			attributes = {
				BuildIndependentTargetsInParallel = 1;
				LastSwiftUpdateCheck = 2600;
				LastUpgradeCheck = 2600;
				TargetAttributes = {
					1A0D539E2EA675D700EB5882 = {
						CreatedOnToolsVersion = 26.0.1;
					};
					1A0D53AE2EA675DA00EB5882 = {
						CreatedOnToolsVersion = 26.0.1;
						TestTargetID = 1A0D539E2EA675D700EB5882;
					};
					1A0D53B82EA675DA00EB5882 = {
						CreatedOnToolsVersion = 26.0.1;
						TestTargetID = 1A0D539E2EA675D700EB5882;
					};
				};
			};
			buildConfigurationList = 1A0D539A2EA675D700EB5882 /* Build configuration list for PBXProject "mtdata" */;
			developmentRegion = en;
			hasScannedForEncodings = 0;
			knownRegions = (
				en,
				Base,
			);
			mainGroup = 1A0D53962EA675D700EB5882;
			minimizedProjectReferenceProxies = 1;
			preferredProjectObjectVersion = 77;
			productRefGroup = 1A0D53A02EA675D800EB5882 /* Products */;
			projectDirPath = "";
			projectRoot = "";
			targets = (
				1A0D539E2EA675D700EB5882 /* mtdata */,
				1A0D53AE2EA675DA00EB5882 /* mtdataTests */,
				1A0D53B82EA675DA00EB5882 /* mtdataUITests */,
			);
		};
/* End PBXProject section */

/* Begin PBXResourcesBuildPhase section */
		1A0D539D2EA675D700EB5882 /* Resources */ = {
			isa = PBXResourcesBuildPhase;
			buildActionMask = 2147483647;
			files = (
			);
			runOnlyForDeploymentPostprocessing = 0;
		};
		1A0D53AD2EA675DA00EB5882 /* Resources */ = {
			isa = PBXResourcesBuildPhase;
			buildActionMask = 2147483647;
			files = (
			);
			runOnlyForDeploymentPostprocessing = 0;
		};
		1A0D53B72EA675DA00EB5882 /* Resources */ = {
			isa = PBXResourcesBuildPhase;
			buildActionMask = 2147483647;
			files = (
			);
			runOnlyForDeploymentPostprocessing = 0;
		};
/* End PBXResourcesBuildPhase section */

/* Begin PBXSourcesBuildPhase section */
		1A0D539B2EA675D700EB5882 /* Sources */ = {
			isa = PBXSourcesBuildPhase;
			buildActionMask = 2147483647;
			files = (
			);
			runOnlyForDeploymentPostprocessing = 0;
		};
		1A0D53AB2EA675DA00EB5882 /* Sources */ = {
			isa = PBXSourcesBuildPhase;
			buildActionMask = 2147483647;
			files = (
			);
			runOnlyForDeploymentPostprocessing = 0;
		};
		1A0D53B52EA675DA00EB5882 /* Sources */ = {
			isa = PBXSourcesBuildPhase;
			buildActionMask = 2147483647;
			files = (
			);
			runOnlyForDeploymentPostprocessing = 0;
		};
/* End PBXSourcesBuildPhase section */

/* Begin PBXTargetDependency section */
		1A0D53B12EA675DA00EB5882 /* PBXTargetDependency */ = {
			isa = PBXTargetDependency;
			target = 1A0D539E2EA675D700EB5882 /* mtdata */;
			targetProxy = 1A0D53B02EA675DA00EB5882 /* PBXContainerItemProxy */;
		};
		1A0D53BB2EA675DA00EB5882 /* PBXTargetDependency */ = {
			isa = PBXTargetDependency;
			target = 1A0D539E2EA675D700EB5882 /* mtdata */;
			targetProxy = 1A0D53BA2EA675DA00EB5882 /* PBXContainerItemProxy */;
		};
/* End PBXTargetDependency section */

/* Begin XCBuildConfiguration section */
		1A0D53C32EA675DA00EB5882 /* Debug */ = {
			isa = XCBuildConfiguration;
			buildSettings = {
				ASSETCATALOG_COMPILER_APPICON_NAME = AppIcon;
				ASSETCATALOG_COMPILER_GLOBAL_ACCENT_COLOR_NAME = AccentColor;
				CODE_SIGN_STYLE = Automatic;
				COMBINE_HIDPI_IMAGES = YES;
				CURRENT_PROJECT_VERSION = 21a;
				DEVELOPMENT_TEAM = 6652MT33Z3;
				ENABLE_APP_SANDBOX = YES;
				ENABLE_HARDENED_RUNTIME = YES;
				ENABLE_PREVIEWS = YES;
				ENABLE_USER_SELECTED_FILES = readwrite;
				GENERATE_INFOPLIST_FILE = YES;
				INFOPLIST_FILE = mtdata/Info.plist;
				INFOPLIST_KEY_CFBundleDisplayName = "MTData Viewer";
				INFOPLIST_KEY_LSApplicationCategoryType = "public.app-category.utilities";
				INFOPLIST_KEY_NSHumanReadableCopyright = "";
				LD_RUNPATH_SEARCH_PATHS = (
					"$(inherited)",
					"@executable_path/../Frameworks",
				);
				MARKETING_VERSION = 2.1;
				PRODUCT_BUNDLE_IDENTIFIER = com.penguinstudios.mtdata;
				PRODUCT_NAME = "$(TARGET_NAME)";
				REGISTER_APP_GROUPS = YES;
				STRING_CATALOG_GENERATE_SYMBOLS = YES;
				SWIFT_APPROACHABLE_CONCURRENCY = YES;
				SWIFT_DEFAULT_ACTOR_ISOLATION = MainActor;
				SWIFT_EMIT_LOC_STRINGS = YES;
				SWIFT_UPCOMING_FEATURE_MEMBER_IMPORT_VISIBILITY = YES;
				SWIFT_VERSION = 5.0;
			};
			name = Debug;
		};
		1A0D53C42EA675DA00EB5882 /* Release */ = {
			isa = XCBuildConfiguration;
			buildSettings = {
				ASSETCATALOG_COMPILER_APPICON_NAME = AppIcon;
				ASSETCATALOG_COMPILER_GLOBAL_ACCENT_COLOR_NAME = AccentColor;
				CODE_SIGN_STYLE = Automatic;
				COMBINE_HIDPI_IMAGES = YES;
				CURRENT_PROJECT_VERSION = 21a;
				DEVELOPMENT_TEAM = 6652MT33Z3;
				ENABLE_APP_SANDBOX = YES;
				ENABLE_HARDENED_RUNTIME = YES;
				ENABLE_PREVIEWS = YES;
				ENABLE_USER_SELECTED_FILES = readwrite;
				GENERATE_INFOPLIST_FILE = YES;
				INFOPLIST_FILE = mtdata/Info.plist;
				INFOPLIST_KEY_CFBundleDisplayName = "MTData Viewer";
				INFOPLIST_KEY_LSApplicationCategoryType = "public.app-category.utilities";
				INFOPLIST_KEY_NSHumanReadableCopyright = "";
				LD_RUNPATH_SEARCH_PATHS = (
					"$(inherited)",
					"@executable_path/../Frameworks",
				);
				MARKETING_VERSION = 2.1;
				PRODUCT_BUNDLE_IDENTIFIER = com.penguinstudios.mtdata;
				PRODUCT_NAME = "$(TARGET_NAME)";
				REGISTER_APP_GROUPS = YES;
				STRING_CATALOG_GENERATE_SYMBOLS = YES;
				SWIFT_APPROACHABLE_CONCURRENCY = YES;
				SWIFT_DEFAULT_ACTOR_ISOLATION = MainActor;
				SWIFT_EMIT_LOC_STRINGS = YES;
				SWIFT_UPCOMING_FEATURE_MEMBER_IMPORT_VISIBILITY = YES;
				SWIFT_VERSION = 5.0;
			};
			name = Release;
		};
		1A0D53C52EA675DA00EB5882 /* Debug */ = {
			isa = XCBuildConfiguration;
			buildSettings = {
				ALWAYS_SEARCH_USER_PATHS = NO;
				ASSETCATALOG_COMPILER_GENERATE_SWIFT_ASSET_SYMBOL_EXTENSIONS = YES;
				CLANG_ANALYZER_NONNULL = YES;
				CLANG_ANALYZER_NUMBER_OBJECT_CONVERSION = YES_AGGRESSIVE;
				CLANG_CXX_LANGUAGE_STANDARD = "gnu++20";
				CLANG_ENABLE_MODULES = YES;
				CLANG_ENABLE_OBJC_ARC = YES;
				CLANG_ENABLE_OBJC_WEAK = YES;
				CLANG_WARN_BLOCK_CAPTURE_AUTORELEASING = YES;
				CLANG_WARN_BOOL_CONVERSION = YES;
				CLANG_WARN_COMMA = YES;
				CLANG_WARN_CONSTANT_CONVERSION = YES;
				CLANG_WARN_DEPRECATED_OBJC_IMPLEMENTATIONS = YES;
				CLANG_WARN_DIRECT_OBJC_ISA_USAGE = YES_ERROR;
				CLANG_WARN_DOCUMENTATION_COMMENTS = YES;
				CLANG_WARN_EMPTY_BODY = YES;
				CLANG_WARN_ENUM_CONVERSION = YES;
				CLANG_WARN_INFINITE_RECURSION = YES;
				CLANG_WARN_INT_CONVERSION = YES;
				CLANG_WARN_NON_LITERAL_NULL_CONVERSION = YES;
				CLANG_WARN_OBJC_IMPLICIT_RETAIN_SELF = YES;
				CLANG_WARN_OBJC_LITERAL_CONVERSION = YES;
				CLANG_WARN_OBJC_ROOT_CLASS = YES_ERROR;
				CLANG_WARN_QUOTED_INCLUDE_IN_FRAMEWORK_HEADER = YES;
				CLANG_WARN_RANGE_LOOP_ANALYSIS = YES;
				CLANG_WARN_STRICT_PROTOTYPES = YES;
				CLANG_WARN_SUSPICIOUS_MOVE = YES;
				CLANG_WARN_UNGUARDED_AVAILABILITY = YES_AGGRESSIVE;
				CLANG_WARN_UNREACHABLE_CODE = YES;
				CLANG_WARN__DUPLICATE_METHOD_MATCH = YES;
				COPY_PHASE_STRIP = NO;
				DEBUG_INFORMATION_FORMAT = dwarf;
				DEVELOPMENT_TEAM = 6652MT33Z3;
				ENABLE_STRICT_OBJC_MSGSEND = YES;
				ENABLE_TESTABILITY = YES;
				ENABLE_USER_SCRIPT_SANDBOXING = YES;
				GCC_C_LANGUAGE_STANDARD = gnu17;
				GCC_DYNAMIC_NO_PIC = NO;
				GCC_NO_COMMON_BLOCKS = YES;
				GCC_OPTIMIZATION_LEVEL = 0;
				GCC_PREPROCESSOR_DEFINITIONS = (
					"DEBUG=1",
					"$(inherited)",
				);
				GCC_WARN_64_TO_32_BIT_CONVERSION = YES;
				GCC_WARN_ABOUT_RETURN_TYPE = YES_ERROR;
				GCC_WARN_UNDECLARED_SELECTOR = YES;
				GCC_WARN_UNINITIALIZED_AUTOS = YES_AGGRESSIVE;
				GCC_WARN_UNUSED_FUNCTION = YES;
				GCC_WARN_UNUSED_VARIABLE = YES;
				LOCALIZATION_PREFERS_STRING_CATALOGS = YES;
				MACOSX_DEPLOYMENT_TARGET = 26.0;
				MTL_ENABLE_DEBUG_INFO = INCLUDE_SOURCE;
				MTL_FAST_MATH = YES;
				ONLY_ACTIVE_ARCH = YES;
				SDKROOT = macosx;
				SWIFT_ACTIVE_COMPILATION_CONDITIONS = "DEBUG $(inherited)";
				SWIFT_OPTIMIZATION_LEVEL = "-Onone";
			};
			name = Debug;
		};
		1A0D53C62EA675DA00EB5882 /* Release */ = {
			isa = XCBuildConfiguration;
			buildSettings = {
				ALWAYS_SEARCH_USER_PATHS = NO;
				ASSETCATALOG_COMPILER_GENERATE_SWIFT_ASSET_SYMBOL_EXTENSIONS = YES;
				CLANG_ANALYZER_NONNULL = YES;
				CLANG_ANALYZER_NUMBER_OBJECT_CONVERSION = YES_AGGRESSIVE;
				CLANG_CXX_LANGUAGE_STANDARD = "gnu++20";
				CLANG_ENABLE_MODULES = YES;
				CLANG_ENABLE_OBJC_ARC = YES;
				CLANG_ENABLE_OBJC_WEAK = YES;
				CLANG_WARN_BLOCK_CAPTURE_AUTORELEASING = YES;
				CLANG_WARN_BOOL_CONVERSION = YES;
				CLANG_WARN_COMMA = YES;
				CLANG_WARN_CONSTANT_CONVERSION = YES;
				CLANG_WARN_DEPRECATED_OBJC_IMPLEMENTATIONS = YES;
				CLANG_WARN_DIRECT_OBJC_ISA_USAGE = YES_ERROR;
				CLANG_WARN_DOCUMENTATION_COMMENTS = YES;
				CLANG_WARN_EMPTY_BODY = YES;
				CLANG_WARN_ENUM_CONVERSION = YES;
				CLANG_WARN_INFINITE_RECURSION = YES;
				CLANG_WARN_INT_CONVERSION = YES;
				CLANG_WARN_NON_LITERAL_NULL_CONVERSION = YES;
				CLANG_WARN_OBJC_IMPLICIT_RETAIN_SELF = YES;
				CLANG_WARN_OBJC_LITERAL_CONVERSION = YES;
				CLANG_WARN_OBJC_ROOT_CLASS = YES_ERROR;
				CLANG_WARN_QUOTED_INCLUDE_IN_FRAMEWORK_HEADER = YES;
				CLANG_WARN_RANGE_LOOP_ANALYSIS = YES;
				CLANG_WARN_STRICT_PROTOTYPES = YES;
				CLANG_WARN_SUSPICIOUS_MOVE = YES;
				CLANG_WARN_UNGUARDED_AVAILABILITY = YES_AGGRESSIVE;
				CLANG_WARN_UNREACHABLE_CODE = YES;
				CLANG_WARN__DUPLICATE_METHOD_MATCH = YES;
				COPY_PHASE_STRIP = NO;
				DEBUG_INFORMATION_FORMAT = "dwarf-with-dsym";
				DEVELOPMENT_TEAM = 6652MT33Z3;
				ENABLE_NS_ASSERTIONS = NO;
				ENABLE_STRICT_OBJC_MSGSEND = YES;
				ENABLE_USER_SCRIPT_SANDBOXING = YES;
				GCC_C_LANGUAGE_STANDARD = gnu17;
				GCC_NO_COMMON_BLOCKS = YES;
				GCC_WARN_64_TO_32_BIT_CONVERSION = YES;
				GCC_WARN_ABOUT_RETURN_TYPE = YES_ERROR;
				GCC_WARN_UNDECLARED_SELECTOR = YES;
				GCC_WARN_UNINITIALIZED_AUTOS = YES_AGGRESSIVE;
				GCC_WARN_UNUSED_FUNCTION = YES;
				GCC_WARN_UNUSED_VARIABLE = YES;
				LOCALIZATION_PREFERS_STRING_CATALOGS = YES;
				MACOSX_DEPLOYMENT_TARGET = 26.0;
				MTL_ENABLE_DEBUG_INFO = NO;
				MTL_FAST_MATH = YES;
				SDKROOT = macosx;
				SWIFT_COMPILATION_MODE = wholemodule;
			};
			name = Release;
		};
		1A0D53C82EA675DA00EB5882 /* Debug */ = {
			isa = XCBuildConfiguration;
			buildSettings = {
				BUNDLE_LOADER = "$(TEST_HOST)";
				CODE_SIGN_STYLE = Automatic;
				CURRENT_PROJECT_VERSION = 1;
				DEVELOPMENT_TEAM = 6652MT33Z3;
				GENERATE_INFOPLIST_FILE = YES;
				MACOSX_DEPLOYMENT_TARGET = 26.0;
				MARKETING_VERSION = 1.0;
				PRODUCT_BUNDLE_IDENTIFIER = com.penguinstudios.mtdataTests;
				PRODUCT_NAME = "$(TARGET_NAME)";
				STRING_CATALOG_GENERATE_SYMBOLS = NO;
				SWIFT_APPROACHABLE_CONCURRENCY = YES;
				SWIFT_EMIT_LOC_STRINGS = NO;
				SWIFT_UPCOMING_FEATURE_MEMBER_IMPORT_VISIBILITY = YES;
				SWIFT_VERSION = 5.0;
				TEST_HOST = "$(BUILT_PRODUCTS_DIR)/mtdata.app/$(BUNDLE_EXECUTABLE_FOLDER_PATH)/mtdata";
			};
			name = Debug;
		};
		1A0D53C92EA675DA00EB5882 /* Release */ = {
			isa = XCBuildConfiguration;
			buildSettings = {
				BUNDLE_LOADER = "$(TEST_HOST)";
				CODE_SIGN_STYLE = Automatic;
				CURRENT_PROJECT_VERSION = 1;
				DEVELOPMENT_TEAM = 6652MT33Z3;
				GENERATE_INFOPLIST_FILE = YES;
				MACOSX_DEPLOYMENT_TARGET = 26.0;
				MARKETING_VERSION = 1.0;
				PRODUCT_BUNDLE_IDENTIFIER = com.penguinstudios.mtdataTests;
				PRODUCT_NAME = "$(TARGET_NAME)";
				STRING_CATALOG_GENERATE_SYMBOLS = NO;
				SWIFT_APPROACHABLE_CONCURRENCY = YES;
				SWIFT_EMIT_LOC_STRINGS = NO;
				SWIFT_UPCOMING_FEATURE_MEMBER_IMPORT_VISIBILITY = YES;
				SWIFT_VERSION = 5.0;
				TEST_HOST = "$(BUILT_PRODUCTS_DIR)/mtdata.app/$(BUNDLE_EXECUTABLE_FOLDER_PATH)/mtdata";
			};
			name = Release;
		};
		1A0D53CB2EA675DA00EB5882 /* Debug */ = {
			isa = XCBuildConfiguration;
			buildSettings = {
				CODE_SIGN_STYLE = Automatic;
				CURRENT_PROJECT_VERSION = 1;
				DEVELOPMENT_TEAM = 6652MT33Z3;
				GENERATE_INFOPLIST_FILE = YES;
				MARKETING_VERSION = 1.0;
				PRODUCT_BUNDLE_IDENTIFIER = com.penguinstudios.mtdataUITests;
				PRODUCT_NAME = "$(TARGET_NAME)";
				STRING_CATALOG_GENERATE_SYMBOLS = NO;
				SWIFT_APPROACHABLE_CONCURRENCY = YES;
				SWIFT_EMIT_LOC_STRINGS = NO;
				SWIFT_UPCOMING_FEATURE_MEMBER_IMPORT_VISIBILITY = YES;
				SWIFT_VERSION = 5.0;
				TEST_TARGET_NAME = mtdata;
			};
			name = Debug;
		};
		1A0D53CC2EA675DA00EB5882 /* Release */ = {
			isa = XCBuildConfiguration;
			buildSettings = {
				CODE_SIGN_STYLE = Automatic;
				CURRENT_PROJECT_VERSION = 1;
				DEVELOPMENT_TEAM = 6652MT33Z3;
				GENERATE_INFOPLIST_FILE = YES;
				MARKETING_VERSION = 1.0;
				PRODUCT_BUNDLE_IDENTIFIER = com.penguinstudios.mtdataUITests;
				PRODUCT_NAME = "$(TARGET_NAME)";
				STRING_CATALOG_GENERATE_SYMBOLS = NO;
				SWIFT_APPROACHABLE_CONCURRENCY = YES;
				SWIFT_EMIT_LOC_STRINGS = NO;
				SWIFT_UPCOMING_FEATURE_MEMBER_IMPORT_VISIBILITY = YES;
				SWIFT_VERSION = 5.0;
				TEST_TARGET_NAME = mtdata;
			};
			name = Release;
		};
/* End XCBuildConfiguration section */

/* Begin XCConfigurationList section */
		1A0D539A2EA675D700EB5882 /* Build configuration list for PBXProject "mtdata" */ = {
			isa = XCConfigurationList;
			buildConfigurations = (
				1A0D53C52EA675DA00EB5882 /* Debug */,
				1A0D53C62EA675DA00EB5882 /* Release */,
			);
			defaultConfigurationIsVisible = 0;
			defaultConfigurationName = Release;
		};
		1A0D53C22EA675DA00EB5882 /* Build configuration list for PBXNativeTarget "mtdata" */ = {
			isa = XCConfigurationList;
			buildConfigurations = (
				1A0D53C32EA675DA00EB5882 /* Debug */,
				1A0D53C42EA675DA00EB5882 /* Release */,
			);
			defaultConfigurationIsVisible = 0;
			defaultConfigurationName = Release;
		};
		1A0D53C72EA675DA00EB5882 /* Build configuration list for PBXNativeTarget "mtdataTests" */ = {
			isa = XCConfigurationList;
			buildConfigurations = (
				1A0D53C82EA675DA00EB5882 /* Debug */,
				1A0D53C92EA675DA00EB5882 /* Release */,
			);
			defaultConfigurationIsVisible = 0;
			defaultConfigurationName = Release;
		};
		1A0D53CA2EA675DA00EB5882 /* Build configuration list for PBXNativeTarget "mtdataUITests" */ = {
			isa = XCConfigurationList;
			buildConfigurations = (
				1A0D53CB2EA675DA00EB5882 /* Debug */,
				1A0D53CC2EA675DA00EB5882 /* Release */,
			);
			defaultConfigurationIsVisible = 0;
			defaultConfigurationName = Release;
		};
/* End XCConfigurationList section */
	};
	rootObject = 1A0D53972EA675D700EB5882 /* Project object */;
}
